
Microsoft Visual Studio Solution File, Format Version 11.00
# Visual Studio 2010
Project("{8BC9CEB8-8B4A-11D0-8D11-00A0C91BC942}") = "Stack", "Stack\Stack.vcxproj", "{F2541B4A-A1A8-4CCA-85C4-1586DEAA3C7F}"
EndProject
Global
	GlobalSection(SolutionConfigurationPlatforms) = preSolution
		Debug|Win32 = Debug|Win32
		Release|Win32 = Release|Win32
	EndGlobalSection
	GlobalSection(ProjectConfigurationPlatforms) = postSolution
		{F2541B4A-A1A8-4CCA-85C4-1586DEAA3C7F}.Debug|Win32.ActiveCfg = Debug|Win32
		{F2541B4A-A1A8-4CCA-85C4-1586DEAA3C7F}.Debug|Win32.Build.0 = Debug|Win32
		{F2541B4A-A1A8-4CCA-85C4-1586DEAA3C7F}.Release|Win32.ActiveCfg = Release|Win32
		{F2541B4A-A1A8-4CCA-85C4-1586DEAA3C7F}.Release|Win32.Build.0 = Release|Win32
	EndGlobalSection
	GlobalSection(SolutionProperties) = preSolution
		HideSolutionNode = FALSE
	EndGlobalSection
EndGlobal
